
Microsoft Visual Studio Solution File, Format Version 11.00
# Visual Studio 2010
Project("{FAE04EC0-301F-11D3-BF4B-00C04F79EFBC}") = "Assembly-CSharp", "Assembly-CSharp.csproj", "{AF64DB32-F996-A905-DDC9-4CF42398A688}"
EndProject
Project("{FAE04EC0-301F-11D3-BF4B-00C04F79EFBC}") = "Assembly-CSharp-firstpass", "Assembly-CSharp-firstpass.csproj", "{334E646A-549B-015D-8FB8-6532CD587C47}"
EndProject
Project("{FAE04EC0-301F-11D3-BF4B-00C04F79EFBC}") = "Assembly-CSharp-Editor-firstpass", "Assembly-CSharp-Editor-firstpass.csproj", "{8E8FF4F1-CAA4-FF71-9140-12D4AC82B1F5}"
EndProject
Global
	GlobalSection(SolutionConfigurationPlatforms) = preSolution
		Debug|Any CPU = Debug|Any CPU
		Release|Any CPU = Release|Any CPU
	EndGlobalSection
	GlobalSection(ProjectConfigurationPlatforms) = postSolution
		{AF64DB32-F996-A905-DDC9-4CF42398A688}.Debug|Any CPU.ActiveCfg = Debug|Any CPU
		{AF64DB32-F996-A905-DDC9-4CF42398A688}.Debug|Any CPU.Build.0 = Debug|Any CPU
		{AF64DB32-F996-A905-DDC9-4CF42398A688}.Release|Any CPU.ActiveCfg = Release|Any CPU
		{AF64DB32-F996-A905-DDC9-4CF42398A688}.Release|Any CPU.Build.0 = Release|Any CPU
		{334E646A-549B-015D-8FB8-6532CD587C47}.Debug|Any CPU.ActiveCfg = Debug|Any CPU
		{334E646A-549B-015D-8FB8-6532CD587C47}.Debug|Any CPU.Build.0 = Debug|Any CPU
		{334E646A-549B-015D-8FB8-6532CD587C47}.Release|Any CPU.ActiveCfg = Release|Any CPU
		{334E646A-549B-015D-8FB8-6532CD587C47}.Release|Any CPU.Build.0 = Release|Any CPU
		{8E8FF4F1-CAA4-FF71-9140-12D4AC82B1F5}.Debug|Any CPU.ActiveCfg = Debug|Any CPU
		{8E8FF4F1-CAA4-FF71-9140-12D4AC82B1F5}.Debug|Any CPU.Build.0 = Debug|Any CPU
		{8E8FF4F1-CAA4-FF71-9140-12D4AC82B1F5}.Release|Any CPU.ActiveCfg = Release|Any CPU
		{8E8FF4F1-CAA4-FF71-9140-12D4AC82B1F5}.Release|Any CPU.Build.0 = Release|Any CPU
	EndGlobalSection
	GlobalSection(SolutionProperties) = preSolution
		HideSolutionNode = FALSE
	EndGlobalSection
EndGlobal
